
Microsoft Visual Studio Solution File, Format Version 12.00
# Visual Studio Version 16
VisualStudioVersion = 16.0.30128.74
MinimumVisualStudioVersion = 10.0.40219.1
Project("{F088123C-0E9E-452A-89E6-6BA2F21D5CAC}") = "SupperMarket.Arc", "SupperMarket.Arc\SupperMarket.Arc.modelproj", "{48BA7350-66D6-4428-B6F2-8955139CF13E}"
EndProject
Project("{FAE04EC0-301F-11D3-BF4B-00C04F79EFBC}") = "Wingcode.Base", "Wingcode.Base\Wingcode.Base.csproj", "{9946D938-4D07-4CE3-A369-D4860DAA7128}"
EndProject
Project("{FAE04EC0-301F-11D3-BF4B-00C04F79EFBC}") = "Wingcode.SupperMarket", "Wingcode.SupperMarket\Wingcode.SupperMarket.csproj", "{3C379744-84EA-43C9-9B51-9CA0B756890C}"
EndProject
Project("{FAE04EC0-301F-11D3-BF4B-00C04F79EFBC}") = "Wingcode.Authanatication", "Wingcode.Authanatication\Wingcode.Authanatication.csproj", "{DFBE9CBA-E819-46BC-9ADF-D2E693E4E657}"
EndProject
Project("{FAE04EC0-301F-11D3-BF4B-00C04F79EFBC}") = "Wingcode.Items", "Wingcode.Items\Wingcode.Items.csproj", "{E13F33F0-0DF1-42CB-8B8B-107B477EAC22}"
EndProject
Project("{FAE04EC0-301F-11D3-BF4B-00C04F79EFBC}") = "Wingcode.Customers", "Wingcode.Customers\Wingcode.Customers.csproj", "{55F8441A-D20C-48BF-91A9-CDEE88B0B389}"
EndProject
Project("{FAE04EC0-301F-11D3-BF4B-00C04F79EFBC}") = "Wingcode.ValueConverters", "Wingcode.ValueConverters\Wingcode.ValueConverters.csproj", "{CDCEC252-69BA-4622-8858-ED0EBE9B9E60}"
EndProject
Project("{FAE04EC0-301F-11D3-BF4B-00C04F79EFBC}") = "Wingcode.Controls", "Wingcode.Controls\Wingcode.Controls.csproj", "{64E3D73C-C7D6-4F8C-8085-D42B15646C8F}"
EndProject
Project("{FAE04EC0-301F-11D3-BF4B-00C04F79EFBC}") = "Wingcode.Master", "Wingcode.Master\Wingcode.Master.csproj", "{C50BDA19-5E8A-43C1-84AB-B24C28F9C1EA}"
EndProject
Project("{FAE04EC0-301F-11D3-BF4B-00C04F79EFBC}") = "Wingcode.Suppliers", "Wingcode.Suppliers\Wingcode.Suppliers.csproj", "{11458D98-93AE-4AEC-86D2-DDE1BC76C804}"
EndProject
Project("{FAE04EC0-301F-11D3-BF4B-00C04F79EFBC}") = "Wingcode.Purchases", "Wingcode.Purchases\Wingcode.Purchases.csproj", "{C66AE73B-D5AD-4342-A4C8-5A8B5FF6840D}"
EndProject
Project("{FAE04EC0-301F-11D3-BF4B-00C04F79EFBC}") = "Wingcode.Sales", "Wingcode.Sales\Wingcode.Sales.csproj", "{4CA2C1A7-3C1B-47C7-AFA1-FE9DEB82EC63}"
EndProject
Project("{FAE04EC0-301F-11D3-BF4B-00C04F79EFBC}") = "Wingcode.Expenses", "Wingcode.Expenses\Wingcode.Expenses.csproj", "{58C77554-106C-482D-A7B0-459D5F6FF755}"
EndProject
Project("{FAE04EC0-301F-11D3-BF4B-00C04F79EFBC}") = "Wingcode.Data.Rest", "Wingcode.Data.Rest\Wingcode.Data.Rest.csproj", "{15EED3E4-E43E-4D10-98D7-C12EC2B2A89D}"
EndProject
Project("{FAE04EC0-301F-11D3-BF4B-00C04F79EFBC}") = "Wingcode.Validation", "Wingcode.Validation\Wingcode.Validation.csproj", "{66901529-817D-4753-9DC1-BDE591494CC3}"
EndProject
Project("{FAE04EC0-301F-11D3-BF4B-00C04F79EFBC}") = "Wingcode.Reports", "Wingcode.Reports\Wingcode.Reports.csproj", "{AF36DBAF-C782-45AA-9223-90C23AFA5610}"
EndProject
Global
	GlobalSection(SolutionConfigurationPlatforms) = preSolution
		Debug|Any CPU = Debug|Any CPU
		Release|Any CPU = Release|Any CPU
	EndGlobalSection
	GlobalSection(ProjectConfigurationPlatforms) = postSolution
		{48BA7350-66D6-4428-B6F2-8955139CF13E}.Debug|Any CPU.ActiveCfg = Debug|Any CPU
		{48BA7350-66D6-4428-B6F2-8955139CF13E}.Release|Any CPU.ActiveCfg = Release|Any CPU
		{48BA7350-66D6-4428-B6F2-8955139CF13E}.Release|Any CPU.Build.0 = Release|Any CPU
		{9946D938-4D07-4CE3-A369-D4860DAA7128}.Debug|Any CPU.ActiveCfg = Debug|Any CPU
		{9946D938-4D07-4CE3-A369-D4860DAA7128}.Debug|Any CPU.Build.0 = Debug|Any CPU
		{9946D938-4D07-4CE3-A369-D4860DAA7128}.Release|Any CPU.ActiveCfg = Release|Any CPU
		{9946D938-4D07-4CE3-A369-D4860DAA7128}.Release|Any CPU.Build.0 = Release|Any CPU
		{3C379744-84EA-43C9-9B51-9CA0B756890C}.Debug|Any CPU.ActiveCfg = Debug|Any CPU
		{3C379744-84EA-43C9-9B51-9CA0B756890C}.Debug|Any CPU.Build.0 = Debug|Any CPU
		{3C379744-84EA-43C9-9B51-9CA0B756890C}.Release|Any CPU.ActiveCfg = Release|Any CPU
		{3C379744-84EA-43C9-9B51-9CA0B756890C}.Release|Any CPU.Build.0 = Release|Any CPU
		{DFBE9CBA-E819-46BC-9ADF-D2E693E4E657}.Debug|Any CPU.ActiveCfg = Debug|Any CPU
		{DFBE9CBA-E819-46BC-9ADF-D2E693E4E657}.Debug|Any CPU.Build.0 = Debug|Any CPU
		{DFBE9CBA-E819-46BC-9ADF-D2E693E4E657}.Release|Any CPU.ActiveCfg = Release|Any CPU
		{DFBE9CBA-E819-46BC-9ADF-D2E693E4E657}.Release|Any CPU.Build.0 = Release|Any CPU
		{E13F33F0-0DF1-42CB-8B8B-107B477EAC22}.Debug|Any CPU.ActiveCfg = Debug|Any CPU
		{E13F33F0-0DF1-42CB-8B8B-107B477EAC22}.Debug|Any CPU.Build.0 = Debug|Any CPU
		{E13F33F0-0DF1-42CB-8B8B-107B477EAC22}.Release|Any CPU.ActiveCfg = Release|Any CPU
		{E13F33F0-0DF1-42CB-8B8B-107B477EAC22}.Release|Any CPU.Build.0 = Release|Any CPU
		{55F8441A-D20C-48BF-91A9-CDEE88B0B389}.Debug|Any CPU.ActiveCfg = Debug|Any CPU
		{55F8441A-D20C-48BF-91A9-CDEE88B0B389}.Debug|Any CPU.Build.0 = Debug|Any CPU
		{55F8441A-D20C-48BF-91A9-CDEE88B0B389}.Release|Any CPU.ActiveCfg = Release|Any CPU
		{55F8441A-D20C-48BF-91A9-CDEE88B0B389}.Release|Any CPU.Build.0 = Release|Any CPU
		{CDCEC252-69BA-4622-8858-ED0EBE9B9E60}.Debug|Any CPU.ActiveCfg = Debug|Any CPU
		{CDCEC252-69BA-4622-8858-ED0EBE9B9E60}.Debug|Any CPU.Build.0 = Debug|Any CPU
		{CDCEC252-69BA-4622-8858-ED0EBE9B9E60}.Release|Any CPU.ActiveCfg = Release|Any CPU
		{CDCEC252-69BA-4622-8858-ED0EBE9B9E60}.Release|Any CPU.Build.0 = Release|Any CPU
		{64E3D73C-C7D6-4F8C-8085-D42B15646C8F}.Debug|Any CPU.ActiveCfg = Debug|Any CPU
		{64E3D73C-C7D6-4F8C-8085-D42B15646C8F}.Debug|Any CPU.Build.0 = Debug|Any CPU
		{64E3D73C-C7D6-4F8C-8085-D42B15646C8F}.Release|Any CPU.ActiveCfg = Release|Any CPU
		{64E3D73C-C7D6-4F8C-8085-D42B15646C8F}.Release|Any CPU.Build.0 = Release|Any CPU
		{C50BDA19-5E8A-43C1-84AB-B24C28F9C1EA}.Debug|Any CPU.ActiveCfg = Debug|Any CPU
		{C50BDA19-5E8A-43C1-84AB-B24C28F9C1EA}.Debug|Any CPU.Build.0 = Debug|Any CPU
		{C50BDA19-5E8A-43C1-84AB-B24C28F9C1EA}.Release|Any CPU.ActiveCfg = Release|Any CPU
		{C50BDA19-5E8A-43C1-84AB-B24C28F9C1EA}.Release|Any CPU.Build.0 = Release|Any CPU
		{11458D98-93AE-4AEC-86D2-DDE1BC76C804}.Debug|Any CPU.ActiveCfg = Debug|Any CPU
		{11458D98-93AE-4AEC-86D2-DDE1BC76C804}.Debug|Any CPU.Build.0 = Debug|Any CPU
		{11458D98-93AE-4AEC-86D2-DDE1BC76C804}.Release|Any CPU.ActiveCfg = Release|Any CPU
		{11458D98-93AE-4AEC-86D2-DDE1BC76C804}.Release|Any CPU.Build.0 = Release|Any CPU
		{C66AE73B-D5AD-4342-A4C8-5A8B5FF6840D}.Debug|Any CPU.ActiveCfg = Debug|Any CPU
		{C66AE73B-D5AD-4342-A4C8-5A8B5FF6840D}.Debug|Any CPU.Build.0 = Debug|Any CPU
		{C66AE73B-D5AD-4342-A4C8-5A8B5FF6840D}.Release|Any CPU.ActiveCfg = Release|Any CPU
		{C66AE73B-D5AD-4342-A4C8-5A8B5FF6840D}.Release|Any CPU.Build.0 = Release|Any CPU
		{4CA2C1A7-3C1B-47C7-AFA1-FE9DEB82EC63}.Debug|Any CPU.ActiveCfg = Debug|Any CPU
		{4CA2C1A7-3C1B-47C7-AFA1-FE9DEB82EC63}.Debug|Any CPU.Build.0 = Debug|Any CPU
		{4CA2C1A7-3C1B-47C7-AFA1-FE9DEB82EC63}.Release|Any CPU.ActiveCfg = Release|Any CPU
		{4CA2C1A7-3C1B-47C7-AFA1-FE9DEB82EC63}.Release|Any CPU.Build.0 = Release|Any CPU
		{58C77554-106C-482D-A7B0-459D5F6FF755}.Debug|Any CPU.ActiveCfg = Debug|Any CPU
		{58C77554-106C-482D-A7B0-459D5F6FF755}.Debug|Any CPU.Build.0 = Debug|Any CPU
		{58C77554-106C-482D-A7B0-459D5F6FF755}.Release|Any CPU.ActiveCfg = Release|Any CPU
		{58C77554-106C-482D-A7B0-459D5F6FF755}.Release|Any CPU.Build.0 = Release|Any CPU
		{15EED3E4-E43E-4D10-98D7-C12EC2B2A89D}.Debug|Any CPU.ActiveCfg = Debug|Any CPU
		{15EED3E4-E43E-4D10-98D7-C12EC2B2A89D}.Debug|Any CPU.Build.0 = Debug|Any CPU
		{15EED3E4-E43E-4D10-98D7-C12EC2B2A89D}.Release|Any CPU.ActiveCfg = Release|Any CPU
		{15EED3E4-E43E-4D10-98D7-C12EC2B2A89D}.Release|Any CPU.Build.0 = Release|Any CPU
		{66901529-817D-4753-9DC1-BDE591494CC3}.Debug|Any CPU.ActiveCfg = Debug|Any CPU
		{66901529-817D-4753-9DC1-BDE591494CC3}.Debug|Any CPU.Build.0 = Debug|Any CPU
		{66901529-817D-4753-9DC1-BDE591494CC3}.Release|Any CPU.ActiveCfg = Release|Any CPU
		{66901529-817D-4753-9DC1-BDE591494CC3}.Release|Any CPU.Build.0 = Release|Any CPU
		{AF36DBAF-C782-45AA-9223-90C23AFA5610}.Debug|Any CPU.ActiveCfg = Debug|Any CPU
		{AF36DBAF-C782-45AA-9223-90C23AFA5610}.Debug|Any CPU.Build.0 = Debug|Any CPU
		{AF36DBAF-C782-45AA-9223-90C23AFA5610}.Release|Any CPU.ActiveCfg = Release|Any CPU
		{AF36DBAF-C782-45AA-9223-90C23AFA5610}.Release|Any CPU.Build.0 = Release|Any CPU
	EndGlobalSection
	GlobalSection(SolutionProperties) = preSolution
		HideSolutionNode = FALSE
	EndGlobalSection
	GlobalSection(ExtensibilityGlobals) = postSolution
		SolutionGuid = {F00298D7-E8B4-4334-BB02-3E6B3BD0BC0B}
	EndGlobalSection
EndGlobal
